
Microsoft Visual Studio Solution File, Format Version 12.00
# Visual Studio 15
VisualStudioVersion = 15.0.26124.0
MinimumVisualStudioVersion = 15.0.26124.0
Project("{FAE04EC0-301F-11D3-BF4B-00C04F79EFBC}") = "Domain", "Domain\Domain.csproj", "{F1B2D845-B3D6-49A3-B892-7C38B6AE637F}"
EndProject
Project("{FAE04EC0-301F-11D3-BF4B-00C04F79EFBC}") = "Application", "Application\Application.csproj", "{C3DF9EEC-87E0-492C-9028-1E8F27F67312}"
EndProject
Project("{FAE04EC0-301F-11D3-BF4B-00C04F79EFBC}") = "Persistence", "Persistence\Persistence.csproj", "{1CF29DBE-5A24-4D6F-B44A-6D9F995C2C10}"
EndProject
Project("{FAE04EC0-301F-11D3-BF4B-00C04F79EFBC}") = "API", "API\API.csproj", "{2E13F830-71FC-4372-A21B-AFECC0EA5701}"
EndProject
Global
	GlobalSection(SolutionConfigurationPlatforms) = preSolution
		Debug|Any CPU = Debug|Any CPU
		Debug|x64 = Debug|x64
		Debug|x86 = Debug|x86
		Release|Any CPU = Release|Any CPU
		Release|x64 = Release|x64
		Release|x86 = Release|x86
	EndGlobalSection
	GlobalSection(SolutionProperties) = preSolution
		HideSolutionNode = FALSE
	EndGlobalSection
	GlobalSection(ProjectConfigurationPlatforms) = postSolution
		{F1B2D845-B3D6-49A3-B892-7C38B6AE637F}.Debug|Any CPU.ActiveCfg = Debug|Any CPU
		{F1B2D845-B3D6-49A3-B892-7C38B6AE637F}.Debug|Any CPU.Build.0 = Debug|Any CPU
		{F1B2D845-B3D6-49A3-B892-7C38B6AE637F}.Debug|x64.ActiveCfg = Debug|Any CPU
		{F1B2D845-B3D6-49A3-B892-7C38B6AE637F}.Debug|x64.Build.0 = Debug|Any CPU
		{F1B2D845-B3D6-49A3-B892-7C38B6AE637F}.Debug|x86.ActiveCfg = Debug|Any CPU
		{F1B2D845-B3D6-49A3-B892-7C38B6AE637F}.Debug|x86.Build.0 = Debug|Any CPU
		{F1B2D845-B3D6-49A3-B892-7C38B6AE637F}.Release|Any CPU.ActiveCfg = Release|Any CPU
		{F1B2D845-B3D6-49A3-B892-7C38B6AE637F}.Release|Any CPU.Build.0 = Release|Any CPU
		{F1B2D845-B3D6-49A3-B892-7C38B6AE637F}.Release|x64.ActiveCfg = Release|Any CPU
		{F1B2D845-B3D6-49A3-B892-7C38B6AE637F}.Release|x64.Build.0 = Release|Any CPU
		{F1B2D845-B3D6-49A3-B892-7C38B6AE637F}.Release|x86.ActiveCfg = Release|Any CPU
		{F1B2D845-B3D6-49A3-B892-7C38B6AE637F}.Release|x86.Build.0 = Release|Any CPU
		{C3DF9EEC-87E0-492C-9028-1E8F27F67312}.Debug|Any CPU.ActiveCfg = Debug|Any CPU
		{C3DF9EEC-87E0-492C-9028-1E8F27F67312}.Debug|Any CPU.Build.0 = Debug|Any CPU
		{C3DF9EEC-87E0-492C-9028-1E8F27F67312}.Debug|x64.ActiveCfg = Debug|Any CPU
		{C3DF9EEC-87E0-492C-9028-1E8F27F67312}.Debug|x64.Build.0 = Debug|Any CPU
		{C3DF9EEC-87E0-492C-9028-1E8F27F67312}.Debug|x86.ActiveCfg = Debug|Any CPU
		{C3DF9EEC-87E0-492C-9028-1E8F27F67312}.Debug|x86.Build.0 = Debug|Any CPU
		{C3DF9EEC-87E0-492C-9028-1E8F27F67312}.Release|Any CPU.ActiveCfg = Release|Any CPU
		{C3DF9EEC-87E0-492C-9028-1E8F27F67312}.Release|Any CPU.Build.0 = Release|Any CPU
		{C3DF9EEC-87E0-492C-9028-1E8F27F67312}.Release|x64.ActiveCfg = Release|Any CPU
		{C3DF9EEC-87E0-492C-9028-1E8F27F67312}.Release|x64.Build.0 = Release|Any CPU
		{C3DF9EEC-87E0-492C-9028-1E8F27F67312}.Release|x86.ActiveCfg = Release|Any CPU
		{C3DF9EEC-87E0-492C-9028-1E8F27F67312}.Release|x86.Build.0 = Release|Any CPU
		{1CF29DBE-5A24-4D6F-B44A-6D9F995C2C10}.Debug|Any CPU.ActiveCfg = Debug|Any CPU
		{1CF29DBE-5A24-4D6F-B44A-6D9F995C2C10}.Debug|Any CPU.Build.0 = Debug|Any CPU
		{1CF29DBE-5A24-4D6F-B44A-6D9F995C2C10}.Debug|x64.ActiveCfg = Debug|Any CPU
		{1CF29DBE-5A24-4D6F-B44A-6D9F995C2C10}.Debug|x64.Build.0 = Debug|Any CPU
		{1CF29DBE-5A24-4D6F-B44A-6D9F995C2C10}.Debug|x86.ActiveCfg = Debug|Any CPU
		{1CF29DBE-5A24-4D6F-B44A-6D9F995C2C10}.Debug|x86.Build.0 = Debug|Any CPU
		{1CF29DBE-5A24-4D6F-B44A-6D9F995C2C10}.Release|Any CPU.ActiveCfg = Release|Any CPU
		{1CF29DBE-5A24-4D6F-B44A-6D9F995C2C10}.Release|Any CPU.Build.0 = Release|Any CPU
		{1CF29DBE-5A24-4D6F-B44A-6D9F995C2C10}.Release|x64.ActiveCfg = Release|Any CPU
		{1CF29DBE-5A24-4D6F-B44A-6D9F995C2C10}.Release|x64.Build.0 = Release|Any CPU
		{1CF29DBE-5A24-4D6F-B44A-6D9F995C2C10}.Release|x86.ActiveCfg = Release|Any CPU
		{1CF29DBE-5A24-4D6F-B44A-6D9F995C2C10}.Release|x86.Build.0 = Release|Any CPU
		{2E13F830-71FC-4372-A21B-AFECC0EA5701}.Debug|Any CPU.ActiveCfg = Debug|Any CPU
		{2E13F830-71FC-4372-A21B-AFECC0EA5701}.Debug|Any CPU.Build.0 = Debug|Any CPU
		{2E13F830-71FC-4372-A21B-AFECC0EA5701}.Debug|x64.ActiveCfg = Debug|Any CPU
		{2E13F830-71FC-4372-A21B-AFECC0EA5701}.Debug|x64.Build.0 = Debug|Any CPU
		{2E13F830-71FC-4372-A21B-AFECC0EA5701}.Debug|x86.ActiveCfg = Debug|Any CPU
		{2E13F830-71FC-4372-A21B-AFECC0EA5701}.Debug|x86.Build.0 = Debug|Any CPU
		{2E13F830-71FC-4372-A21B-AFECC0EA5701}.Release|Any CPU.ActiveCfg = Release|Any CPU
		{2E13F830-71FC-4372-A21B-AFECC0EA5701}.Release|Any CPU.Build.0 = Release|Any CPU
		{2E13F830-71FC-4372-A21B-AFECC0EA5701}.Release|x64.ActiveCfg = Release|Any CPU
		{2E13F830-71FC-4372-A21B-AFECC0EA5701}.Release|x64.Build.0 = Release|Any CPU
		{2E13F830-71FC-4372-A21B-AFECC0EA5701}.Release|x86.ActiveCfg = Release|Any CPU
		{2E13F830-71FC-4372-A21B-AFECC0EA5701}.Release|x86.Build.0 = Release|Any CPU
	EndGlobalSection
EndGlobal
